// !$*UTF8*$!
{
	archiveVersion = 1;
	classes = {
	};
	objectVersion = 46;
	objects = {

/* Begin PBXBuildFile section */
		4BC0C05E1769CBA900EA19E8 /* UIKit.framework in Frameworks */ = {isa = PBXBuildFile; fileRef = 4BC0C05D1769CBA900EA19E8 /* UIKit.framework */; };
		4BC0C0601769CBA900EA19E8 /* Foundation.framework in Frameworks */ = {isa = PBXBuildFile; fileRef = 4BC0C05F1769CBA900EA19E8 /* Foundation.framework */; };
		4BC0C0621769CBA900EA19E8 /* CoreGraphics.framework in Frameworks */ = {isa = PBXBuildFile; fileRef = 4BC0C0611769CBA900EA19E8 /* CoreGraphics.framework */; };
		4BC0C0681769CBA900EA19E8 /* InfoPlist.strings in Resources */ = {isa = PBXBuildFile; fileRef = 4BC0C0661769CBA900EA19E8 /* InfoPlist.strings */; };
		4BC0C06A1769CBA900EA19E8 /* main.m in Sources */ = {isa = PBXBuildFile; fileRef = 4BC0C0691769CBA900EA19E8 /* main.m */; };
		4BC0C06E1769CBA900EA19E8 /* AppDelegate.m in Sources */ = {isa = PBXBuildFile; fileRef = 4BC0C06D1769CBA900EA19E8 /* AppDelegate.m */; };
		4BC0C0701769CBA900EA19E8 /* Default.png in Resources */ = {isa = PBXBuildFile; fileRef = 4BC0C06F1769CBA900EA19E8 /* Default.png */; };
		4BC0C0721769CBA900EA19E8 /* Default@2x.png in Resources */ = {isa = PBXBuildFile; fileRef = 4BC0C0711769CBA900EA19E8 /* Default@2x.png */; };
		4BC0C0741769CBA900EA19E8 /* Default-568h@2x.png in Resources */ = {isa = PBXBuildFile; fileRef = 4BC0C0731769CBA900EA19E8 /* Default-568h@2x.png */; };
		4BC0C07C1769CBA900EA19E8 /* SenTestingKit.framework in Frameworks */ = {isa = PBXBuildFile; fileRef = 4BC0C07B1769CBA900EA19E8 /* SenTestingKit.framework */; };
		4BC0C07D1769CBA900EA19E8 /* UIKit.framework in Frameworks */ = {isa = PBXBuildFile; fileRef = 4BC0C05D1769CBA900EA19E8 /* UIKit.framework */; };
		4BC0C07E1769CBA900EA19E8 /* Foundation.framework in Frameworks */ = {isa = PBXBuildFile; fileRef = 4BC0C05F1769CBA900EA19E8 /* Foundation.framework */; };
		4BC0C0861769CBA900EA19E8 /* InfoPlist.strings in Resources */ = {isa = PBXBuildFile; fileRef = 4BC0C0841769CBA900EA19E8 /* InfoPlist.strings */; };
		4BC0C0891769CBA900EA19E8 /* KontoKit_ExampleTests.m in Sources */ = {isa = PBXBuildFile; fileRef = 4BC0C0881769CBA900EA19E8 /* KontoKit_ExampleTests.m */; };
		4BC0C0931769CBC700EA19E8 /* QuartzCore.framework in Frameworks */ = {isa = PBXBuildFile; fileRef = 4BC0C0921769CBC700EA19E8 /* QuartzCore.framework */; };
		4BC0C09B1769CBFE00EA19E8 /* gradient@2x.png in Resources */ = {isa = PBXBuildFile; fileRef = 4BC0C0981769CBFE00EA19E8 /* gradient@2x.png */; };
		4BC0C09C1769CBFE00EA19E8 /* gradient@2x.png in Resources */ = {isa = PBXBuildFile; fileRef = 4BC0C0981769CBFE00EA19E8 /* gradient@2x.png */; };
		4BC0C09D1769CBFE00EA19E8 /* textfield.png in Resources */ = {isa = PBXBuildFile; fileRef = 4BC0C0991769CBFE00EA19E8 /* textfield.png */; };
		4BC0C09E1769CBFE00EA19E8 /* textfield.png in Resources */ = {isa = PBXBuildFile; fileRef = 4BC0C0991769CBFE00EA19E8 /* textfield.png */; };
		4BC0C09F1769CBFE00EA19E8 /* textfield@2x.png in Resources */ = {isa = PBXBuildFile; fileRef = 4BC0C09A1769CBFE00EA19E8 /* textfield@2x.png */; };
		4BC0C0A01769CBFE00EA19E8 /* textfield@2x.png in Resources */ = {isa = PBXBuildFile; fileRef = 4BC0C09A1769CBFE00EA19E8 /* textfield@2x.png */; };
		4BC0C0A31769CCBA00EA19E8 /* KKCard.m in Sources */ = {isa = PBXBuildFile; fileRef = 4BC0C0A21769CCBA00EA19E8 /* KKCard.m */; };
		4BC0C0A41769CCBA00EA19E8 /* KKCard.m in Sources */ = {isa = PBXBuildFile; fileRef = 4BC0C0A21769CCBA00EA19E8 /* KKCard.m */; };
		4BC0C0A71769CE6800EA19E8 /* KKView.m in Sources */ = {isa = PBXBuildFile; fileRef = 4BC0C0A61769CE6800EA19E8 /* KKView.m */; };
		4BC0C0A81769CE6800EA19E8 /* KKView.m in Sources */ = {isa = PBXBuildFile; fileRef = 4BC0C0A61769CE6800EA19E8 /* KKView.m */; };
		4BC0C0AC1769D10700EA19E8 /* KKCardNumber.m in Sources */ = {isa = PBXBuildFile; fileRef = 4BC0C0AB1769D10700EA19E8 /* KKCardNumber.m */; };
		4BC0C0AD1769D10700EA19E8 /* KKCardNumber.m in Sources */ = {isa = PBXBuildFile; fileRef = 4BC0C0AB1769D10700EA19E8 /* KKCardNumber.m */; };
		4BC0C0B01769D12800EA19E8 /* KKCardBLZ.m in Sources */ = {isa = PBXBuildFile; fileRef = 4BC0C0AF1769D12800EA19E8 /* KKCardBLZ.m */; };
		4BC0C0B11769D12800EA19E8 /* KKCardBLZ.m in Sources */ = {isa = PBXBuildFile; fileRef = 4BC0C0AF1769D12800EA19E8 /* KKCardBLZ.m */; };
		4BC0C0B41769D2AA00EA19E8 /* KKTextField.m in Sources */ = {isa = PBXBuildFile; fileRef = 4BC0C0B31769D2AA00EA19E8 /* KKTextField.m */; };
		4BC0C0B51769D2AA00EA19E8 /* KKTextField.m in Sources */ = {isa = PBXBuildFile; fileRef = 4BC0C0B31769D2AA00EA19E8 /* KKTextField.m */; };
/* End PBXBuildFile section */

/* Begin PBXContainerItemProxy section */
		4BC0C07F1769CBA900EA19E8 /* PBXContainerItemProxy */ = {
			isa = PBXContainerItemProxy;
			containerPortal = 4BC0C0521769CBA900EA19E8 /* Project object */;
			proxyType = 1;
			remoteGlobalIDString = 4BC0C0591769CBA900EA19E8;
			remoteInfo = "KontoKit Example";
		};
/* End PBXContainerItemProxy section */

/* Begin PBXFileReference section */
		4BC0C05A1769CBA900EA19E8 /* KontoKit Example.app */ = {isa = PBXFileReference; explicitFileType = wrapper.application; includeInIndex = 0; path = "KontoKit Example.app"; sourceTree = BUILT_PRODUCTS_DIR; };
		4BC0C05D1769CBA900EA19E8 /* UIKit.framework */ = {isa = PBXFileReference; lastKnownFileType = wrapper.framework; name = UIKit.framework; path = System/Library/Frameworks/UIKit.framework; sourceTree = SDKROOT; };
		4BC0C05F1769CBA900EA19E8 /* Foundation.framework */ = {isa = PBXFileReference; lastKnownFileType = wrapper.framework; name = Foundation.framework; path = System/Library/Frameworks/Foundation.framework; sourceTree = SDKROOT; };
		4BC0C0611769CBA900EA19E8 /* CoreGraphics.framework */ = {isa = PBXFileReference; lastKnownFileType = wrapper.framework; name = CoreGraphics.framework; path = System/Library/Frameworks/CoreGraphics.framework; sourceTree = SDKROOT; };
		4BC0C0651769CBA900EA19E8 /* KontoKit Example-Info.plist */ = {isa = PBXFileReference; lastKnownFileType = text.plist.xml; path = "KontoKit Example-Info.plist"; sourceTree = "<group>"; };
		4BC0C0671769CBA900EA19E8 /* en */ = {isa = PBXFileReference; lastKnownFileType = text.plist.strings; name = en; path = en.lproj/InfoPlist.strings; sourceTree = "<group>"; };
		4BC0C0691769CBA900EA19E8 /* main.m */ = {isa = PBXFileReference; lastKnownFileType = sourcecode.c.objc; path = main.m; sourceTree = "<group>"; };
		4BC0C06B1769CBA900EA19E8 /* KontoKit Example-Prefix.pch */ = {isa = PBXFileReference; lastKnownFileType = sourcecode.c.h; path = "KontoKit Example-Prefix.pch"; sourceTree = "<group>"; };
		4BC0C06C1769CBA900EA19E8 /* AppDelegate.h */ = {isa = PBXFileReference; lastKnownFileType = sourcecode.c.h; path = AppDelegate.h; sourceTree = "<group>"; };
		4BC0C06D1769CBA900EA19E8 /* AppDelegate.m */ = {isa = PBXFileReference; lastKnownFileType = sourcecode.c.objc; path = AppDelegate.m; sourceTree = "<group>"; };
		4BC0C06F1769CBA900EA19E8 /* Default.png */ = {isa = PBXFileReference; lastKnownFileType = image.png; path = Default.png; sourceTree = "<group>"; };
		4BC0C0711769CBA900EA19E8 /* Default@2x.png */ = {isa = PBXFileReference; lastKnownFileType = image.png; path = "Default@2x.png"; sourceTree = "<group>"; };
		4BC0C0731769CBA900EA19E8 /* Default-568h@2x.png */ = {isa = PBXFileReference; lastKnownFileType = image.png; path = "Default-568h@2x.png"; sourceTree = "<group>"; };
		4BC0C07A1769CBA900EA19E8 /* KontoKit ExampleTests.octest */ = {isa = PBXFileReference; explicitFileType = wrapper.cfbundle; includeInIndex = 0; path = "KontoKit ExampleTests.octest"; sourceTree = BUILT_PRODUCTS_DIR; };
		4BC0C07B1769CBA900EA19E8 /* SenTestingKit.framework */ = {isa = PBXFileReference; lastKnownFileType = wrapper.framework; name = SenTestingKit.framework; path = Library/Frameworks/SenTestingKit.framework; sourceTree = DEVELOPER_DIR; };
		4BC0C0831769CBA900EA19E8 /* KontoKit ExampleTests-Info.plist */ = {isa = PBXFileReference; lastKnownFileType = text.plist.xml; path = "KontoKit ExampleTests-Info.plist"; sourceTree = "<group>"; };
		4BC0C0851769CBA900EA19E8 /* en */ = {isa = PBXFileReference; lastKnownFileType = text.plist.strings; name = en; path = en.lproj/InfoPlist.strings; sourceTree = "<group>"; };
		4BC0C0871769CBA900EA19E8 /* KontoKit_ExampleTests.h */ = {isa = PBXFileReference; lastKnownFileType = sourcecode.c.h; path = KontoKit_ExampleTests.h; sourceTree = "<group>"; };
		4BC0C0881769CBA900EA19E8 /* KontoKit_ExampleTests.m */ = {isa = PBXFileReference; lastKnownFileType = sourcecode.c.objc; path = KontoKit_ExampleTests.m; sourceTree = "<group>"; };
		4BC0C0921769CBC700EA19E8 /* QuartzCore.framework */ = {isa = PBXFileReference; lastKnownFileType = wrapper.framework; name = QuartzCore.framework; path = System/Library/Frameworks/QuartzCore.framework; sourceTree = SDKROOT; };
		4BC0C0981769CBFE00EA19E8 /* gradient@2x.png */ = {isa = PBXFileReference; lastKnownFileType = image.png; path = "gradient@2x.png"; sourceTree = "<group>"; };
		4BC0C0991769CBFE00EA19E8 /* textfield.png */ = {isa = PBXFileReference; lastKnownFileType = image.png; path = textfield.png; sourceTree = "<group>"; };
		4BC0C09A1769CBFE00EA19E8 /* textfield@2x.png */ = {isa = PBXFileReference; lastKnownFileType = image.png; path = "textfield@2x.png"; sourceTree = "<group>"; };
		4BC0C0A11769CCBA00EA19E8 /* KKCard.h */ = {isa = PBXFileReference; fileEncoding = 4; lastKnownFileType = sourcecode.c.h; path = KKCard.h; sourceTree = "<group>"; };
		4BC0C0A21769CCBA00EA19E8 /* KKCard.m */ = {isa = PBXFileReference; fileEncoding = 4; lastKnownFileType = sourcecode.c.objc; path = KKCard.m; sourceTree = "<group>"; };
		4BC0C0A51769CE6800EA19E8 /* KKView.h */ = {isa = PBXFileReference; fileEncoding = 4; lastKnownFileType = sourcecode.c.h; path = KKView.h; sourceTree = "<group>"; };
		4BC0C0A61769CE6800EA19E8 /* KKView.m */ = {isa = PBXFileReference; fileEncoding = 4; lastKnownFileType = sourcecode.c.objc; path = KKView.m; sourceTree = "<group>"; };
		4BC0C0A91769CF0400EA19E8 /* KKCardType.h */ = {isa = PBXFileReference; lastKnownFileType = sourcecode.c.h; path = KKCardType.h; sourceTree = "<group>"; };
		4BC0C0AA1769D10700EA19E8 /* KKCardNumber.h */ = {isa = PBXFileReference; fileEncoding = 4; lastKnownFileType = sourcecode.c.h; path = KKCardNumber.h; sourceTree = "<group>"; };
		4BC0C0AB1769D10700EA19E8 /* KKCardNumber.m */ = {isa = PBXFileReference; fileEncoding = 4; lastKnownFileType = sourcecode.c.objc; path = KKCardNumber.m; sourceTree = "<group>"; };
		4BC0C0AE1769D12800EA19E8 /* KKCardBLZ.h */ = {isa = PBXFileReference; fileEncoding = 4; lastKnownFileType = sourcecode.c.h; path = KKCardBLZ.h; sourceTree = "<group>"; };
		4BC0C0AF1769D12800EA19E8 /* KKCardBLZ.m */ = {isa = PBXFileReference; fileEncoding = 4; lastKnownFileType = sourcecode.c.objc; path = KKCardBLZ.m; sourceTree = "<group>"; };
		4BC0C0B21769D2AA00EA19E8 /* KKTextField.h */ = {isa = PBXFileReference; fileEncoding = 4; lastKnownFileType = sourcecode.c.h; path = KKTextField.h; sourceTree = "<group>"; };
		4BC0C0B31769D2AA00EA19E8 /* KKTextField.m */ = {isa = PBXFileReference; fileEncoding = 4; lastKnownFileType = sourcecode.c.objc; path = KKTextField.m; sourceTree = "<group>"; };
/* End PBXFileReference section */

/* Begin PBXFrameworksBuildPhase section */
		4BC0C0571769CBA900EA19E8 /* Frameworks */ = {
			isa = PBXFrameworksBuildPhase;
			buildActionMask = 2147483647;
			files = (
				4BC0C0931769CBC700EA19E8 /* QuartzCore.framework in Frameworks */,
				4BC0C05E1769CBA900EA19E8 /* UIKit.framework in Frameworks */,
				4BC0C0601769CBA900EA19E8 /* Foundation.framework in Frameworks */,
				4BC0C0621769CBA900EA19E8 /* CoreGraphics.framework in Frameworks */,
			);
			runOnlyForDeploymentPostprocessing = 0;
		};
		4BC0C0761769CBA900EA19E8 /* Frameworks */ = {
			isa = PBXFrameworksBuildPhase;
			buildActionMask = 2147483647;
			files = (
				4BC0C07C1769CBA900EA19E8 /* SenTestingKit.framework in Frameworks */,
				4BC0C07D1769CBA900EA19E8 /* UIKit.framework in Frameworks */,
				4BC0C07E1769CBA900EA19E8 /* Foundation.framework in Frameworks */,
			);
			runOnlyForDeploymentPostprocessing = 0;
		};
/* End PBXFrameworksBuildPhase section */

/* Begin PBXGroup section */
		4BC0C0511769CBA900EA19E8 = {
			isa = PBXGroup;
			children = (
				4BC0C0941769CBFE00EA19E8 /* KontoKit */,
				4BC0C0631769CBA900EA19E8 /* KontoKit Example */,
				4BC0C0811769CBA900EA19E8 /* KontoKit ExampleTests */,
				4BC0C05C1769CBA900EA19E8 /* Frameworks */,
				4BC0C05B1769CBA900EA19E8 /* Products */,
			);
			sourceTree = "<group>";
		};
		4BC0C05B1769CBA900EA19E8 /* Products */ = {
			isa = PBXGroup;
			children = (
				4BC0C05A1769CBA900EA19E8 /* KontoKit Example.app */,
				4BC0C07A1769CBA900EA19E8 /* KontoKit ExampleTests.octest */,
			);
			name = Products;
			sourceTree = "<group>";
		};
		4BC0C05C1769CBA900EA19E8 /* Frameworks */ = {
			isa = PBXGroup;
			children = (
				4BC0C0921769CBC700EA19E8 /* QuartzCore.framework */,
				4BC0C05D1769CBA900EA19E8 /* UIKit.framework */,
				4BC0C05F1769CBA900EA19E8 /* Foundation.framework */,
				4BC0C0611769CBA900EA19E8 /* CoreGraphics.framework */,
				4BC0C07B1769CBA900EA19E8 /* SenTestingKit.framework */,
			);
			name = Frameworks;
			sourceTree = "<group>";
		};
		4BC0C0631769CBA900EA19E8 /* KontoKit Example */ = {
			isa = PBXGroup;
			children = (
				4BC0C06C1769CBA900EA19E8 /* AppDelegate.h */,
				4BC0C06D1769CBA900EA19E8 /* AppDelegate.m */,
				4BC0C0641769CBA900EA19E8 /* Supporting Files */,
			);
			path = "KontoKit Example";
			sourceTree = "<group>";
		};
		4BC0C0641769CBA900EA19E8 /* Supporting Files */ = {
			isa = PBXGroup;
			children = (
				4BC0C0651769CBA900EA19E8 /* KontoKit Example-Info.plist */,
				4BC0C0661769CBA900EA19E8 /* InfoPlist.strings */,
				4BC0C0691769CBA900EA19E8 /* main.m */,
				4BC0C06B1769CBA900EA19E8 /* KontoKit Example-Prefix.pch */,
				4BC0C06F1769CBA900EA19E8 /* Default.png */,
				4BC0C0711769CBA900EA19E8 /* Default@2x.png */,
				4BC0C0731769CBA900EA19E8 /* Default-568h@2x.png */,
			);
			name = "Supporting Files";
			sourceTree = "<group>";
		};
		4BC0C0811769CBA900EA19E8 /* KontoKit ExampleTests */ = {
			isa = PBXGroup;
			children = (
				4BC0C0871769CBA900EA19E8 /* KontoKit_ExampleTests.h */,
				4BC0C0881769CBA900EA19E8 /* KontoKit_ExampleTests.m */,
				4BC0C0821769CBA900EA19E8 /* Supporting Files */,
			);
			path = "KontoKit ExampleTests";
			sourceTree = "<group>";
		};
		4BC0C0821769CBA900EA19E8 /* Supporting Files */ = {
			isa = PBXGroup;
			children = (
				4BC0C0831769CBA900EA19E8 /* KontoKit ExampleTests-Info.plist */,
				4BC0C0841769CBA900EA19E8 /* InfoPlist.strings */,
			);
			name = "Supporting Files";
			sourceTree = "<group>";
		};
		4BC0C0941769CBFE00EA19E8 /* KontoKit */ = {
			isa = PBXGroup;
			children = (
				4BC0C0961769CBFE00EA19E8 /* Resources */,
				4BC0C0A11769CCBA00EA19E8 /* KKCard.h */,
				4BC0C0A21769CCBA00EA19E8 /* KKCard.m */,
				4BC0C0A51769CE6800EA19E8 /* KKView.h */,
				4BC0C0A61769CE6800EA19E8 /* KKView.m */,
				4BC0C0A91769CF0400EA19E8 /* KKCardType.h */,
				4BC0C0AA1769D10700EA19E8 /* KKCardNumber.h */,
				4BC0C0AB1769D10700EA19E8 /* KKCardNumber.m */,
				4BC0C0AE1769D12800EA19E8 /* KKCardBLZ.h */,
				4BC0C0AF1769D12800EA19E8 /* KKCardBLZ.m */,
				4BC0C0B21769D2AA00EA19E8 /* KKTextField.h */,
				4BC0C0B31769D2AA00EA19E8 /* KKTextField.m */,
			);
			name = KontoKit;
			path = ../KontoKit;
			sourceTree = "<group>";
		};
		4BC0C0961769CBFE00EA19E8 /* Resources */ = {
			isa = PBXGroup;
			children = (
				4BC0C0971769CBFE00EA19E8 /* Cards */,
				4BC0C0981769CBFE00EA19E8 /* gradient@2x.png */,
				4BC0C0991769CBFE00EA19E8 /* textfield.png */,
				4BC0C09A1769CBFE00EA19E8 /* textfield@2x.png */,
			);
			path = Resources;
			sourceTree = "<group>";
		};
		4BC0C0971769CBFE00EA19E8 /* Cards */ = {
			isa = PBXGroup;
			children = (
			);
			path = Cards;
			sourceTree = "<group>";
		};
/* End PBXGroup section */

/* Begin PBXNativeTarget section */
		4BC0C0591769CBA900EA19E8 /* KontoKit Example */ = {
			isa = PBXNativeTarget;
			buildConfigurationList = 4BC0C08C1769CBA900EA19E8 /* Build configuration list for PBXNativeTarget "KontoKit Example" */;
			buildPhases = (
				4BC0C0561769CBA900EA19E8 /* Sources */,
				4BC0C0571769CBA900EA19E8 /* Frameworks */,
				4BC0C0581769CBA900EA19E8 /* Resources */,
			);
			buildRules = (
			);
			dependencies = (
			);
			name = "KontoKit Example";
			productName = "KontoKit Example";
			productReference = 4BC0C05A1769CBA900EA19E8 /* KontoKit Example.app */;
			productType = "com.apple.product-type.application";
		};
		4BC0C0791769CBA900EA19E8 /* KontoKit ExampleTests */ = {
			isa = PBXNativeTarget;
			buildConfigurationList = 4BC0C08F1769CBA900EA19E8 /* Build configuration list for PBXNativeTarget "KontoKit ExampleTests" */;
			buildPhases = (
				4BC0C0751769CBA900EA19E8 /* Sources */,
				4BC0C0761769CBA900EA19E8 /* Frameworks */,
				4BC0C0771769CBA900EA19E8 /* Resources */,
				4BC0C0781769CBA900EA19E8 /* ShellScript */,
			);
			buildRules = (
			);
			dependencies = (
				4BC0C0801769CBA900EA19E8 /* PBXTargetDependency */,
			);
			name = "KontoKit ExampleTests";
			productName = "KontoKit ExampleTests";
			productReference = 4BC0C07A1769CBA900EA19E8 /* KontoKit ExampleTests.octest */;
			productType = "com.apple.product-type.bundle";
		};
/* End PBXNativeTarget section */

/* Begin PBXProject section */
		4BC0C0521769CBA900EA19E8 /* Project object */ = {
			isa = PBXProject;
			attributes = {
				LastUpgradeCheck = 0460;
				ORGANIZATIONNAME = "Kashif Rasul";
			};
			buildConfigurationList = 4BC0C0551769CBA900EA19E8 /* Build configuration list for PBXProject "KontoKit Example" */;
			compatibilityVersion = "Xcode 3.2";
			developmentRegion = English;
			hasScannedForEncodings = 0;
			knownRegions = (
				en,
			);
			mainGroup = 4BC0C0511769CBA900EA19E8;
			productRefGroup = 4BC0C05B1769CBA900EA19E8 /* Products */;
			projectDirPath = "";
			projectRoot = "";
			targets = (
				4BC0C0591769CBA900EA19E8 /* KontoKit Example */,
				4BC0C0791769CBA900EA19E8 /* KontoKit ExampleTests */,
			);
		};
/* End PBXProject section */

/* Begin PBXResourcesBuildPhase section */
		4BC0C0581769CBA900EA19E8 /* Resources */ = {
			isa = PBXResourcesBuildPhase;
			buildActionMask = 2147483647;
			files = (
				4BC0C0681769CBA900EA19E8 /* InfoPlist.strings in Resources */,
				4BC0C0701769CBA900EA19E8 /* Default.png in Resources */,
				4BC0C0721769CBA900EA19E8 /* Default@2x.png in Resources */,
				4BC0C0741769CBA900EA19E8 /* Default-568h@2x.png in Resources */,
				4BC0C09B1769CBFE00EA19E8 /* gradient@2x.png in Resources */,
				4BC0C09D1769CBFE00EA19E8 /* textfield.png in Resources */,
				4BC0C09F1769CBFE00EA19E8 /* textfield@2x.png in Resources */,
			);
			runOnlyForDeploymentPostprocessing = 0;
		};
		4BC0C0771769CBA900EA19E8 /* Resources */ = {
			isa = PBXResourcesBuildPhase;
			buildActionMask = 2147483647;
			files = (
				4BC0C0861769CBA900EA19E8 /* InfoPlist.strings in Resources */,
				4BC0C09C1769CBFE00EA19E8 /* gradient@2x.png in Resources */,
				4BC0C09E1769CBFE00EA19E8 /* textfield.png in Resources */,
				4BC0C0A01769CBFE00EA19E8 /* textfield@2x.png in Resources */,
			);
			runOnlyForDeploymentPostprocessing = 0;
		};
/* End PBXResourcesBuildPhase section */

/* Begin PBXShellScriptBuildPhase section */
		4BC0C0781769CBA900EA19E8 /* ShellScript */ = {
			isa = PBXShellScriptBuildPhase;
			buildActionMask = 2147483647;
			files = (
			);
			inputPaths = (
			);
			outputPaths = (
			);
			runOnlyForDeploymentPostprocessing = 0;
			shellPath = /bin/sh;
			shellScript = "# Run the unit tests in this test bundle.\n\"${SYSTEM_DEVELOPER_DIR}/Tools/RunUnitTests\"\n";
		};
/* End PBXShellScriptBuildPhase section */

/* Begin PBXSourcesBuildPhase section */
		4BC0C0561769CBA900EA19E8 /* Sources */ = {
			isa = PBXSourcesBuildPhase;
			buildActionMask = 2147483647;
			files = (
				4BC0C06A1769CBA900EA19E8 /* main.m in Sources */,
				4BC0C06E1769CBA900EA19E8 /* AppDelegate.m in Sources */,
				4BC0C0A31769CCBA00EA19E8 /* KKCard.m in Sources */,
				4BC0C0A71769CE6800EA19E8 /* KKView.m in Sources */,
				4BC0C0AC1769D10700EA19E8 /* KKCardNumber.m in Sources */,
				4BC0C0B01769D12800EA19E8 /* KKCardBLZ.m in Sources */,
				4BC0C0B41769D2AA00EA19E8 /* KKTextField.m in Sources */,
			);
			runOnlyForDeploymentPostprocessing = 0;
		};
		4BC0C0751769CBA900EA19E8 /* Sources */ = {
			isa = PBXSourcesBuildPhase;
			buildActionMask = 2147483647;
			files = (
				4BC0C0891769CBA900EA19E8 /* KontoKit_ExampleTests.m in Sources */,
				4BC0C0A41769CCBA00EA19E8 /* KKCard.m in Sources */,
				4BC0C0A81769CE6800EA19E8 /* KKView.m in Sources */,
				4BC0C0AD1769D10700EA19E8 /* KKCardNumber.m in Sources */,
				4BC0C0B11769D12800EA19E8 /* KKCardBLZ.m in Sources */,
				4BC0C0B51769D2AA00EA19E8 /* KKTextField.m in Sources */,
			);
			runOnlyForDeploymentPostprocessing = 0;
		};
/* End PBXSourcesBuildPhase section */

/* Begin PBXTargetDependency section */
		4BC0C0801769CBA900EA19E8 /* PBXTargetDependency */ = {
			isa = PBXTargetDependency;
			target = 4BC0C0591769CBA900EA19E8 /* KontoKit Example */;
			targetProxy = 4BC0C07F1769CBA900EA19E8 /* PBXContainerItemProxy */;
		};
/* End PBXTargetDependency section */

/* Begin PBXVariantGroup section */
		4BC0C0661769CBA900EA19E8 /* InfoPlist.strings */ = {
			isa = PBXVariantGroup;
			children = (
				4BC0C0671769CBA900EA19E8 /* en */,
			);
			name = InfoPlist.strings;
			sourceTree = "<group>";
		};
		4BC0C0841769CBA900EA19E8 /* InfoPlist.strings */ = {
			isa = PBXVariantGroup;
			children = (
				4BC0C0851769CBA900EA19E8 /* en */,
			);
			name = InfoPlist.strings;
			sourceTree = "<group>";
		};
/* End PBXVariantGroup section */

/* Begin XCBuildConfiguration section */
		4BC0C08A1769CBA900EA19E8 /* Debug */ = {
			isa = XCBuildConfiguration;
			buildSettings = {
				ALWAYS_SEARCH_USER_PATHS = NO;
				CLANG_CXX_LANGUAGE_STANDARD = "gnu++0x";
				CLANG_CXX_LIBRARY = "libc++";
				CLANG_ENABLE_OBJC_ARC = YES;
				CLANG_WARN_CONSTANT_CONVERSION = YES;
				CLANG_WARN_EMPTY_BODY = YES;
				CLANG_WARN_ENUM_CONVERSION = YES;
				CLANG_WARN_INT_CONVERSION = YES;
				CLANG_WARN__DUPLICATE_METHOD_MATCH = YES;
				"CODE_SIGN_IDENTITY[sdk=iphoneos*]" = "iPhone Developer";
				COPY_PHASE_STRIP = NO;
				GCC_C_LANGUAGE_STANDARD = gnu99;
				GCC_DYNAMIC_NO_PIC = NO;
				GCC_OPTIMIZATION_LEVEL = 0;
				GCC_PREPROCESSOR_DEFINITIONS = (
					"DEBUG=1",
					"$(inherited)",
				);
				GCC_SYMBOLS_PRIVATE_EXTERN = NO;
				GCC_WARN_ABOUT_RETURN_TYPE = YES;
				GCC_WARN_UNINITIALIZED_AUTOS = YES;
				GCC_WARN_UNUSED_VARIABLE = YES;
				IPHONEOS_DEPLOYMENT_TARGET = 6.1;
				ONLY_ACTIVE_ARCH = YES;
				SDKROOT = iphoneos;
			};
			name = Debug;
		};
		4BC0C08B1769CBA900EA19E8 /* Release */ = {
			isa = XCBuildConfiguration;
			buildSettings = {
				ALWAYS_SEARCH_USER_PATHS = NO;
				CLANG_CXX_LANGUAGE_STANDARD = "gnu++0x";
				CLANG_CXX_LIBRARY = "libc++";
				CLANG_ENABLE_OBJC_ARC = YES;
				CLANG_WARN_CONSTANT_CONVERSION = YES;
				CLANG_WARN_EMPTY_BODY = YES;
				CLANG_WARN_ENUM_CONVERSION = YES;
				CLANG_WARN_INT_CONVERSION = YES;
				CLANG_WARN__DUPLICATE_METHOD_MATCH = YES;
				"CODE_SIGN_IDENTITY[sdk=iphoneos*]" = "iPhone Developer";
				COPY_PHASE_STRIP = YES;
				GCC_C_LANGUAGE_STANDARD = gnu99;
				GCC_WARN_ABOUT_RETURN_TYPE = YES;
				GCC_WARN_UNINITIALIZED_AUTOS = YES;
				GCC_WARN_UNUSED_VARIABLE = YES;
				IPHONEOS_DEPLOYMENT_TARGET = 6.1;
				OTHER_CFLAGS = "-DNS_BLOCK_ASSERTIONS=1";
				SDKROOT = iphoneos;
				VALIDATE_PRODUCT = YES;
			};
			name = Release;
		};
		4BC0C08D1769CBA900EA19E8 /* Debug */ = {
			isa = XCBuildConfiguration;
			buildSettings = {
				GCC_PRECOMPILE_PREFIX_HEADER = YES;
				GCC_PREFIX_HEADER = "KontoKit Example/KontoKit Example-Prefix.pch";
				INFOPLIST_FILE = "KontoKit Example/KontoKit Example-Info.plist";
				PRODUCT_NAME = "$(TARGET_NAME)";
				WRAPPER_EXTENSION = app;
			};
			name = Debug;
		};
		4BC0C08E1769CBA900EA19E8 /* Release */ = {
			isa = XCBuildConfiguration;
			buildSettings = {
				GCC_PRECOMPILE_PREFIX_HEADER = YES;
				GCC_PREFIX_HEADER = "KontoKit Example/KontoKit Example-Prefix.pch";
				INFOPLIST_FILE = "KontoKit Example/KontoKit Example-Info.plist";
				PRODUCT_NAME = "$(TARGET_NAME)";
				WRAPPER_EXTENSION = app;
			};
			name = Release;
		};
		4BC0C0901769CBA900EA19E8 /* Debug */ = {
			isa = XCBuildConfiguration;
			buildSettings = {
				BUNDLE_LOADER = "$(BUILT_PRODUCTS_DIR)/KontoKit Example.app/KontoKit Example";
				FRAMEWORK_SEARCH_PATHS = (
					"\"$(SDKROOT)/Developer/Library/Frameworks\"",
					"\"$(DEVELOPER_LIBRARY_DIR)/Frameworks\"",
				);
				GCC_PRECOMPILE_PREFIX_HEADER = YES;
				GCC_PREFIX_HEADER = "KontoKit Example/KontoKit Example-Prefix.pch";
				INFOPLIST_FILE = "KontoKit ExampleTests/KontoKit ExampleTests-Info.plist";
				PRODUCT_NAME = "$(TARGET_NAME)";
				TEST_HOST = "$(BUNDLE_LOADER)";
				WRAPPER_EXTENSION = octest;
			};
			name = Debug;
		};
		4BC0C0911769CBA900EA19E8 /* Release */ = {
			isa = XCBuildConfiguration;
			buildSettings = {
				BUNDLE_LOADER = "$(BUILT_PRODUCTS_DIR)/KontoKit Example.app/KontoKit Example";
				FRAMEWORK_SEARCH_PATHS = (
					"\"$(SDKROOT)/Developer/Library/Frameworks\"",
					"\"$(DEVELOPER_LIBRARY_DIR)/Frameworks\"",
				);
				GCC_PRECOMPILE_PREFIX_HEADER = YES;
				GCC_PREFIX_HEADER = "KontoKit Example/KontoKit Example-Prefix.pch";
				INFOPLIST_FILE = "KontoKit ExampleTests/KontoKit ExampleTests-Info.plist";
				PRODUCT_NAME = "$(TARGET_NAME)";
				TEST_HOST = "$(BUNDLE_LOADER)";
				WRAPPER_EXTENSION = octest;
			};
			name = Release;
		};
/* End XCBuildConfiguration section */

/* Begin XCConfigurationList section */
		4BC0C0551769CBA900EA19E8 /* Build configuration list for PBXProject "KontoKit Example" */ = {
			isa = XCConfigurationList;
			buildConfigurations = (
				4BC0C08A1769CBA900EA19E8 /* Debug */,
				4BC0C08B1769CBA900EA19E8 /* Release */,
			);
			defaultConfigurationIsVisible = 0;
			defaultConfigurationName = Release;
		};
		4BC0C08C1769CBA900EA19E8 /* Build configuration list for PBXNativeTarget "KontoKit Example" */ = {
			isa = XCConfigurationList;
			buildConfigurations = (
				4BC0C08D1769CBA900EA19E8 /* Debug */,
				4BC0C08E1769CBA900EA19E8 /* Release */,
			);
			defaultConfigurationIsVisible = 0;
		};
		4BC0C08F1769CBA900EA19E8 /* Build configuration list for PBXNativeTarget "KontoKit ExampleTests" */ = {
			isa = XCConfigurationList;
			buildConfigurations = (
				4BC0C0901769CBA900EA19E8 /* Debug */,
				4BC0C0911769CBA900EA19E8 /* Release */,
			);
			defaultConfigurationIsVisible = 0;
		};
/* End XCConfigurationList section */
	};
	rootObject = 4BC0C0521769CBA900EA19E8 /* Project object */;
}
